<?xml version="1.0" encoding="utf-8"?>
<Project ToolsVersion="4.0" xmlns="http://schemas.microsoft.com/developer/msbuild/2003">
  <ItemGroup>
    <Filter Include="Code">
      <UniqueIdentifier>{34d28c15-f8cc-4a4e-a6fd-af6a4cab709d}</UniqueIdentifier>
    </Filter>
    <Filter Include="Code\Sources">
      <UniqueIdentifier>{a963bb31-0bff-4944-b06b-54c1a1b0cc6f}</UniqueIdentifier>
    </Filter>
    <Filter Include="Code\Headers">
      <UniqueIdentifier>{bca5ab5b-48ce-4ed1-9c3b-cb7060c8efed}</UniqueIdentifier>
    </Filter>
  </ItemGroup>
  <ItemGroup>
    <ClCompile Include="Code\Sources\main.cpp">
      <Filter>Code\Sources</Filter>
    </ClCompile>
  </ItemGroup>
  <ItemGroup>
    <FxCompile Include="BasicPixelShader.hlsl" />
    <FxCompile Include="BasicVertexShader.hlsl" />
  </ItemGroup>
  <ItemGroup>
    <ClInclude Include="Code\Sources\polygon_sample.hpp">
      <Filter>Code\Sources</Filter>
    </ClInclude>
    <ClInclude Include="Code\Sources\shader_test.hpp">
      <Filter>Code\Sources</Filter>
    </ClInclude>
    <ClInclude Include="Code\Sources\texture_sample.hpp">
      <Filter>Code\Sources</Filter>
    </ClInclude>
    <ClInclude Include="Code\Sources\common.hpp">
      <Filter>Code\Sources</Filter>
    </ClInclude>
    <ClInclude Include="Code\Headers\d3dx12.h">
      <Filter>Code\Headers</Filter>
    </ClInclude>
    <ClInclude Include="Code\Sources\constant_sample.hpp">
      <Filter>Code\Sources</Filter>
    </ClInclude>
    <ClInclude Include="Code\Sources\pmd_loader.hpp">
      <Filter>Code\Sources</Filter>
    </ClInclude>
    <ClInclude Include="Code\Sources\material_sample.hpp">
      <Filter>Code\Sources</Filter>
    </ClInclude>
  </ItemGroup>
  <ItemGroup>
    <None Include="BasicShaderHeader.hlsli" />
    <None Include="packages.config" />
  </ItemGroup>
</Project>