
Microsoft Visual Studio Solution File, Format Version 12.00
# Visual Studio 15
VisualStudioVersion = 15.0.28307.757
MinimumVisualStudioVersion = 10.0.40219.1
Project("{8BC9CEB8-8B4A-11D0-8D11-00A0C91BC942}") = "Reversi", "Project\VS2017\Reversi.vcxproj", "{2A8E168D-7F7C-4B65-8549-B4DED50C8445}"
	ProjectSection(ProjectDependencies) = postProject
		{63ADAC9A-C73C-4FD4-A8B7-5B8A1A4DB88C} = {63ADAC9A-C73C-4FD4-A8B7-5B8A1A4DB88C}
		{24DC78B6-EADA-4398-AE40-E16999CC35A0} = {24DC78B6-EADA-4398-AE40-E16999CC35A0}
	EndProjectSection
EndProject
Project("{8BC9CEB8-8B4A-11D0-8D11-00A0C91BC942}") = "Window", "Window\VS2017\Window.vcxproj", "{24DC78B6-EADA-4398-AE40-E16999CC35A0}"
EndProject
Project("{8BC9CEB8-8B4A-11D0-8D11-00A0C91BC942}") = "Font", "Font\VS2017\Font.vcxproj", "{63ADAC9A-C73C-4FD4-A8B7-5B8A1A4DB88C}"
EndProject
Global
	GlobalSection(SolutionConfigurationPlatforms) = preSolution
		Debug|x86 = Debug|x86
		Font_Test_Debug|x86 = Font_Test_Debug|x86
		Production|x86 = Production|x86
		Release|x86 = Release|x86
		Window_Test_Debug|x86 = Window_Test_Debug|x86
		Window_Test_Release|x86 = Window_Test_Release|x86
	EndGlobalSection
	GlobalSection(ProjectConfigurationPlatforms) = postSolution
		{2A8E168D-7F7C-4B65-8549-B4DED50C8445}.Debug|x86.ActiveCfg = Debug|Win32
		{2A8E168D-7F7C-4B65-8549-B4DED50C8445}.Debug|x86.Build.0 = Debug|Win32
		{2A8E168D-7F7C-4B65-8549-B4DED50C8445}.Font_Test_Debug|x86.ActiveCfg = Debug|Win32
		{2A8E168D-7F7C-4B65-8549-B4DED50C8445}.Production|x86.ActiveCfg = Production|Win32
		{2A8E168D-7F7C-4B65-8549-B4DED50C8445}.Production|x86.Build.0 = Production|Win32
		{2A8E168D-7F7C-4B65-8549-B4DED50C8445}.Release|x86.ActiveCfg = Release|Win32
		{2A8E168D-7F7C-4B65-8549-B4DED50C8445}.Release|x86.Build.0 = Release|Win32
		{2A8E168D-7F7C-4B65-8549-B4DED50C8445}.Window_Test_Debug|x86.ActiveCfg = Debug|Win32
		{2A8E168D-7F7C-4B65-8549-B4DED50C8445}.Window_Test_Release|x86.ActiveCfg = Release|Win32
		{24DC78B6-EADA-4398-AE40-E16999CC35A0}.Debug|x86.ActiveCfg = Debug|Win32
		{24DC78B6-EADA-4398-AE40-E16999CC35A0}.Debug|x86.Build.0 = Debug|Win32
		{24DC78B6-EADA-4398-AE40-E16999CC35A0}.Font_Test_Debug|x86.ActiveCfg = Debug|Win32
		{24DC78B6-EADA-4398-AE40-E16999CC35A0}.Font_Test_Debug|x86.Build.0 = Debug|Win32
		{24DC78B6-EADA-4398-AE40-E16999CC35A0}.Production|x86.ActiveCfg = Production|Win32
		{24DC78B6-EADA-4398-AE40-E16999CC35A0}.Production|x86.Build.0 = Production|Win32
		{24DC78B6-EADA-4398-AE40-E16999CC35A0}.Release|x86.ActiveCfg = Release|Win32
		{24DC78B6-EADA-4398-AE40-E16999CC35A0}.Release|x86.Build.0 = Release|Win32
		{24DC78B6-EADA-4398-AE40-E16999CC35A0}.Window_Test_Debug|x86.ActiveCfg = APP_Debug|Win32
		{24DC78B6-EADA-4398-AE40-E16999CC35A0}.Window_Test_Debug|x86.Build.0 = APP_Debug|Win32
		{24DC78B6-EADA-4398-AE40-E16999CC35A0}.Window_Test_Release|x86.ActiveCfg = APP_Release|Win32
		{24DC78B6-EADA-4398-AE40-E16999CC35A0}.Window_Test_Release|x86.Build.0 = APP_Release|Win32
		{63ADAC9A-C73C-4FD4-A8B7-5B8A1A4DB88C}.Debug|x86.ActiveCfg = Debug|Win32
		{63ADAC9A-C73C-4FD4-A8B7-5B8A1A4DB88C}.Debug|x86.Build.0 = Debug|Win32
		{63ADAC9A-C73C-4FD4-A8B7-5B8A1A4DB88C}.Font_Test_Debug|x86.ActiveCfg = Font_Test_Debug|Win32
		{63ADAC9A-C73C-4FD4-A8B7-5B8A1A4DB88C}.Font_Test_Debug|x86.Build.0 = Font_Test_Debug|Win32
		{63ADAC9A-C73C-4FD4-A8B7-5B8A1A4DB88C}.Production|x86.ActiveCfg = Production|Win32
		{63ADAC9A-C73C-4FD4-A8B7-5B8A1A4DB88C}.Production|x86.Build.0 = Production|Win32
		{63ADAC9A-C73C-4FD4-A8B7-5B8A1A4DB88C}.Release|x86.ActiveCfg = Release|Win32
		{63ADAC9A-C73C-4FD4-A8B7-5B8A1A4DB88C}.Release|x86.Build.0 = Release|Win32
		{63ADAC9A-C73C-4FD4-A8B7-5B8A1A4DB88C}.Window_Test_Debug|x86.ActiveCfg = Debug|Win32
		{63ADAC9A-C73C-4FD4-A8B7-5B8A1A4DB88C}.Window_Test_Release|x86.ActiveCfg = Debug|Win32
	EndGlobalSection
	GlobalSection(SolutionProperties) = preSolution
		HideSolutionNode = FALSE
	EndGlobalSection
	GlobalSection(ExtensibilityGlobals) = postSolution
		SolutionGuid = {09A47ACB-33FC-4439-825E-AA890E4FBC64}
	EndGlobalSection
EndGlobal
