<?xml version="1.0" encoding="utf-8"?>
<Project ToolsVersion="4.0" xmlns="http://schemas.microsoft.com/developer/msbuild/2003">
  <ItemGroup>
    <Filter Include="Code">
      <UniqueIdentifier>{fbe49ce0-daee-4236-8d94-c0eeee1f2784}</UniqueIdentifier>
    </Filter>
    <Filter Include="Code\Source">
      <UniqueIdentifier>{ed3b8211-184a-4c83-8ccf-899810b008c4}</UniqueIdentifier>
    </Filter>
    <Filter Include="Code\Header">
      <UniqueIdentifier>{99ad4900-8896-4d81-b1e4-d9abf5de43a7}</UniqueIdentifier>
    </Filter>
    <Filter Include="Code\Header\Interface">
      <UniqueIdentifier>{684c843d-76a7-48ef-a133-faf611237525}</UniqueIdentifier>
    </Filter>
    <Filter Include="Code\Header\Actor">
      <UniqueIdentifier>{d384968a-9ebc-4d43-a840-0c5f8f7b9595}</UniqueIdentifier>
    </Filter>
    <Filter Include="Code\Source\Actor">
      <UniqueIdentifier>{ae407700-c54e-493b-a705-acbea29853e8}</UniqueIdentifier>
    </Filter>
    <Filter Include="Code\Header\Component">
      <UniqueIdentifier>{546ee345-dac3-4661-a675-89d34e1b0c15}</UniqueIdentifier>
    </Filter>
    <Filter Include="Code\Source\Component">
      <UniqueIdentifier>{1a85a0fe-c38b-4b29-957c-f61a631e0b4e}</UniqueIdentifier>
    </Filter>
    <Filter Include="Code\Header\Component\AI">
      <UniqueIdentifier>{32d31eea-6a3c-44e7-b95c-39f65f9dcf53}</UniqueIdentifier>
    </Filter>
    <Filter Include="Code\Source\Component\AI">
      <UniqueIdentifier>{c756aa22-bbff-4778-bfbd-b3c04dfc91c4}</UniqueIdentifier>
    </Filter>
    <Filter Include="Code\Header\Evaluator">
      <UniqueIdentifier>{6e68a465-db73-47dd-af0e-e120558df66d}</UniqueIdentifier>
    </Filter>
    <Filter Include="Code\Source\Evaluator">
      <UniqueIdentifier>{72255716-3d2f-4619-b60e-f8df137056e7}</UniqueIdentifier>
    </Filter>
  </ItemGroup>
  <ItemGroup>
    <ClCompile Include="..\Code\main.cpp">
      <Filter>Code</Filter>
    </ClCompile>
    <ClCompile Include="..\Code\Source\consoleRenderer.cpp">
      <Filter>Code\Source</Filter>
    </ClCompile>
    <ClCompile Include="..\Code\Source\keyboard.cpp">
      <Filter>Code\Source</Filter>
    </ClCompile>
    <ClCompile Include="..\Code\Source\Actor\actor.cpp">
      <Filter>Code\Source\Actor</Filter>
    </ClCompile>
    <ClCompile Include="..\Code\Source\Component\component.cpp">
      <Filter>Code\Source\Component</Filter>
    </ClCompile>
    <ClCompile Include="..\Code\Source\gameWorld.cpp">
      <Filter>Code\Source</Filter>
    </ClCompile>
    <ClCompile Include="..\Code\Source\Actor\actorManager.cpp">
      <Filter>Code\Source\Actor</Filter>
    </ClCompile>
    <ClCompile Include="..\Code\Source\Component\renderComponent.cpp">
      <Filter>Code\Source\Component</Filter>
    </ClCompile>
    <ClCompile Include="..\Code\Source\Component\boardRenderComponent.cpp">
      <Filter>Code\Source\Component</Filter>
    </ClCompile>
    <ClCompile Include="..\Code\Source\Component\terminalRenderComponent.cpp">
      <Filter>Code\Source\Component</Filter>
    </ClCompile>
    <ClCompile Include="..\Code\Source\Component\playerComponent.cpp">
      <Filter>Code\Source\Component</Filter>
    </ClCompile>
    <ClCompile Include="..\Code\Source\Component\stoneHandComponent.cpp">
      <Filter>Code\Source\Component</Filter>
    </ClCompile>
    <ClCompile Include="..\Code\Source\Component\enemyComponent.cpp">
      <Filter>Code\Source\Component</Filter>
    </ClCompile>
    <ClCompile Include="..\Code\Source\Actor\boardActor.cpp">
      <Filter>Code\Source\Actor</Filter>
    </ClCompile>
    <ClCompile Include="..\Code\Source\Actor\terminalActor.cpp">
      <Filter>Code\Source\Actor</Filter>
    </ClCompile>
    <ClCompile Include="..\Code\Source\Actor\userActor.cpp">
      <Filter>Code\Source\Actor</Filter>
    </ClCompile>
    <ClCompile Include="..\Code\Source\Component\AI\aiAlphaBetaComponent.cpp">
      <Filter>Code\Source\Component\AI</Filter>
    </ClCompile>
    <ClCompile Include="..\Code\Source\fps.cpp">
      <Filter>Code\Source</Filter>
    </ClCompile>
    <ClCompile Include="..\Code\Source\Evaluator\stoneDifferencePlacementStoneEvaluator.cpp">
      <Filter>Code\Source\Evaluator</Filter>
    </ClCompile>
    <ClCompile Include="..\Code\Source\Evaluator\learnBoradPlacementStoneEvaluator.cpp">
      <Filter>Code\Source\Evaluator</Filter>
    </ClCompile>
    <ClCompile Include="..\Code\Source\Component\textAnimationComponent.cpp">
      <Filter>Code\Source\Component</Filter>
    </ClCompile>
  </ItemGroup>
  <ItemGroup>
    <ClInclude Include="..\Code\Header\consoleRenderer.h">
      <Filter>Code\Header</Filter>
    </ClInclude>
    <ClInclude Include="..\Code\Header\keyboard.h">
      <Filter>Code\Header</Filter>
    </ClInclude>
    <ClInclude Include="..\Code\Header\Actor\actor.h">
      <Filter>Code\Header\Actor</Filter>
    </ClInclude>
    <ClInclude Include="..\Code\Header\Component\component.h">
      <Filter>Code\Header\Component</Filter>
    </ClInclude>
    <ClInclude Include="..\Code\Header\Interface\consoleRenderInterface.h">
      <Filter>Code\Header\Interface</Filter>
    </ClInclude>
    <ClInclude Include="..\Code\Header\Component\playerComponent.h">
      <Filter>Code\Header\Component</Filter>
    </ClInclude>
    <ClInclude Include="..\Code\Header\Component\enemyComponent.h">
      <Filter>Code\Header\Component</Filter>
    </ClInclude>
    <ClInclude Include="..\Code\Header\gameWorld.h">
      <Filter>Code\Header</Filter>
    </ClInclude>
    <ClInclude Include="..\Code\Header\Interface\keyboardInterface.h">
      <Filter>Code\Header\Interface</Filter>
    </ClInclude>
    <ClInclude Include="..\Code\Header\common.h">
      <Filter>Code\Header</Filter>
    </ClInclude>
    <ClInclude Include="..\Code\Header\Actor\actorManager.h">
      <Filter>Code\Header\Actor</Filter>
    </ClInclude>
    <ClInclude Include="..\Code\Header\Component\renderComponent.h">
      <Filter>Code\Header\Component</Filter>
    </ClInclude>
    <ClInclude Include="..\Code\Header\Component\boardRenderComponent.h">
      <Filter>Code\Header\Component</Filter>
    </ClInclude>
    <ClInclude Include="..\Code\Header\Component\terminalRenderComponent.h">
      <Filter>Code\Header\Component</Filter>
    </ClInclude>
    <ClInclude Include="..\Code\Header\Component\stoneHandComponent.h">
      <Filter>Code\Header\Component</Filter>
    </ClInclude>
    <ClInclude Include="..\Code\Header\Interface\boardInterface.h">
      <Filter>Code\Header\Interface</Filter>
    </ClInclude>
    <ClInclude Include="..\Code\Header\Actor\boardActor.h">
      <Filter>Code\Header\Actor</Filter>
    </ClInclude>
    <ClInclude Include="..\Code\Header\Actor\terminalActor.h">
      <Filter>Code\Header\Actor</Filter>
    </ClInclude>
    <ClInclude Include="..\Code\Header\Actor\userActor.h">
      <Filter>Code\Header\Actor</Filter>
    </ClInclude>
    <ClInclude Include="..\Code\Header\Component\AI\aiAlphaBetaComponent.h">
      <Filter>Code\Header\Component\AI</Filter>
    </ClInclude>
    <ClInclude Include="..\Code\Header\Interface\aiComponentInterface.h">
      <Filter>Code\Header\Interface</Filter>
    </ClInclude>
    <ClInclude Include="..\Code\Header\fps.h">
      <Filter>Code\Header</Filter>
    </ClInclude>
    <ClInclude Include="..\Code\Header\Interface\placementStoneEvaluatorInterface.h">
      <Filter>Code\Header\Interface</Filter>
    </ClInclude>
    <ClInclude Include="..\Code\Header\Evaluator\learnBoradPlacementStoneEvaluator.h">
      <Filter>Code\Header\Evaluator</Filter>
    </ClInclude>
    <ClInclude Include="..\Code\Header\Evaluator\stoneDifferencePlacementStoneEvaluator.h">
      <Filter>Code\Header\Evaluator</Filter>
    </ClInclude>
    <ClInclude Include="..\Code\Header\Component\textAnimationComponent.h">
      <Filter>Code\Header\Component</Filter>
    </ClInclude>
  </ItemGroup>
</Project>