<?xml version="1.0" encoding="utf-8"?>
<Project ToolsVersion="4.0" xmlns="http://schemas.microsoft.com/developer/msbuild/2003">
  <ItemGroup>
    <Filter Include="Code">
      <UniqueIdentifier>{09330769-63a9-4655-85b0-c5b7009ecb03}</UniqueIdentifier>
    </Filter>
    <Filter Include="Code\Header">
      <UniqueIdentifier>{79cca71f-01c2-4f97-a859-47eae063795c}</UniqueIdentifier>
    </Filter>
    <Filter Include="Code\Source">
      <UniqueIdentifier>{031d6ee3-1ded-4c73-8049-4ddbf0bc4c2e}</UniqueIdentifier>
    </Filter>
  </ItemGroup>
  <ItemGroup>
    <ClCompile Include="Code\Source\main.cpp">
      <Filter>Code\Source</Filter>
    </ClCompile>
  </ItemGroup>
</Project>