<?xml version="1.0" encoding="utf-8"?>
<Project ToolsVersion="4.0" xmlns="http://schemas.microsoft.com/developer/msbuild/2003">
  <ItemGroup>
    <Filter Include="Game">
      <UniqueIdentifier>{b537ae36-c9df-43b2-8a12-b65fa63677c1}</UniqueIdentifier>
    </Filter>
    <Filter Include="Game\Src">
      <UniqueIdentifier>{4FC737F1-C7A5-4376-A066-2A32D752A2FF}</UniqueIdentifier>
      <Extensions>cpp;c;cc;cxx;c++;cppm;ixx;def;odl;idl;hpj;bat;asm;asmx</Extensions>
    </Filter>
    <Filter Include="Game\Inc">
      <UniqueIdentifier>{93995380-89BD-4b04-88EB-625FBE52EBFB}</UniqueIdentifier>
      <Extensions>h;hh;hpp;hxx;h++;hm;inl;inc;ipp;xsd</Extensions>
    </Filter>
    <Filter Include="Game\Inc\Level">
      <UniqueIdentifier>{02fb4a75-bee3-4071-aef6-2ebaa66c6fe9}</UniqueIdentifier>
    </Filter>
    <Filter Include="Game\Src\Level">
      <UniqueIdentifier>{cbdf1aa1-d2c0-4249-a7f0-dbfcb83fcff3}</UniqueIdentifier>
    </Filter>
    <Filter Include="HobbyEngine">
      <UniqueIdentifier>{86683737-2c7a-4ba8-9a62-cb8693233b29}</UniqueIdentifier>
    </Filter>
    <Filter Include="HobbyEngine\Core">
      <UniqueIdentifier>{6946bb7d-aab2-460c-8e3c-367141e3b066}</UniqueIdentifier>
    </Filter>
    <Filter Include="HobbyEngine\Core\Time">
      <UniqueIdentifier>{1683dc68-9809-4570-835b-528a1d0a34e9}</UniqueIdentifier>
    </Filter>
    <Filter Include="HobbyEngine\Core\Memory">
      <UniqueIdentifier>{c0251161-c595-45f9-85a9-5df4869f6500}</UniqueIdentifier>
    </Filter>
    <Filter Include="HobbyEngine\Core\Common">
      <UniqueIdentifier>{ab4e1d8b-9dd0-4938-b335-f8b80ef416dc}</UniqueIdentifier>
    </Filter>
    <Filter Include="HobbyEngine\Core\Math">
      <UniqueIdentifier>{7901648c-35e5-4942-8d03-301ee5db737a}</UniqueIdentifier>
    </Filter>
    <Filter Include="HobbyEngine\Core\Task">
      <UniqueIdentifier>{d4e295c2-1e8e-4ba2-ba96-3ca65142ed61}</UniqueIdentifier>
    </Filter>
    <Filter Include="HobbyEngine\Module">
      <UniqueIdentifier>{2a501fac-9e21-489f-bf13-9be076c610f5}</UniqueIdentifier>
    </Filter>
    <Filter Include="HobbyEngine\Platform">
      <UniqueIdentifier>{6c32966b-651a-4d1e-8f4b-a2a018c7a26b}</UniqueIdentifier>
    </Filter>
    <Filter Include="HobbyPlugin">
      <UniqueIdentifier>{7cc40ec2-f7d1-4e93-80c8-d3b56e5db316}</UniqueIdentifier>
    </Filter>
    <Filter Include="HobbyPlugin\Actor">
      <UniqueIdentifier>{6d277cd3-ce1a-4b81-b8b2-04e6cb90ea45}</UniqueIdentifier>
    </Filter>
    <Filter Include="HobbyPlugin\Actor\Component">
      <UniqueIdentifier>{e76a0954-1d7c-462a-abfe-d7d4735337b4}</UniqueIdentifier>
    </Filter>
    <Filter Include="HobbyPlugin\DxLib">
      <UniqueIdentifier>{ef03c692-8dd5-46e0-ad70-d8245c88f744}</UniqueIdentifier>
    </Filter>
    <Filter Include="HobbyPlugin\DxLib\ThirdParty">
      <UniqueIdentifier>{7c28257b-1050-4af8-8a7d-53c0d68003d6}</UniqueIdentifier>
    </Filter>
    <Filter Include="HobbyPlugin\Render">
      <UniqueIdentifier>{798c8dde-4673-4f05-bac5-ca325107c05c}</UniqueIdentifier>
    </Filter>
    <Filter Include="HobbyPlugin\Render\Component">
      <UniqueIdentifier>{358a2ad9-2b90-4b6d-b2a1-2a85d537650e}</UniqueIdentifier>
    </Filter>
    <Filter Include="HobbyPlugin\Render\Command">
      <UniqueIdentifier>{b22ea040-95cb-46ed-8e80-5e425b0496c1}</UniqueIdentifier>
    </Filter>
    <Filter Include="HobbyPlugin\UI">
      <UniqueIdentifier>{402053a0-bc62-4b4d-b8cd-708edfb5ce67}</UniqueIdentifier>
    </Filter>
    <Filter Include="HobbyPlugin\UI\Component">
      <UniqueIdentifier>{3f34bc59-97ab-4f13-8dfd-ff01984a2545}</UniqueIdentifier>
    </Filter>
    <Filter Include="HobbyPlugin\Level">
      <UniqueIdentifier>{75075dc5-1bb0-459d-b1aa-f3a4cd579acf}</UniqueIdentifier>
    </Filter>
    <Filter Include="HobbyPlugin\UI\Component\Widget">
      <UniqueIdentifier>{64689373-807b-4332-8dda-7ca586f58577}</UniqueIdentifier>
    </Filter>
    <Filter Include="HobbyPlugin\UI\Component\Input">
      <UniqueIdentifier>{35292a62-5e23-4b0c-acbb-844454e1c629}</UniqueIdentifier>
    </Filter>
    <Filter Include="Game\Inc\Level\Title">
      <UniqueIdentifier>{03b51ce3-3d39-4569-8cec-0f8cd12bc1e3}</UniqueIdentifier>
    </Filter>
    <Filter Include="Game\Src\Level\Title">
      <UniqueIdentifier>{1e18a6d6-6cd9-421c-91b5-01c33e02f369}</UniqueIdentifier>
    </Filter>
    <Filter Include="HobbyEngine\ThirdParty">
      <UniqueIdentifier>{3ad5c073-8397-425f-acd9-785fd2c9735a}</UniqueIdentifier>
    </Filter>
    <Filter Include="HobbyPlugin\UI\Builder">
      <UniqueIdentifier>{b2097ecb-95c1-4322-a944-f2249caae2f5}</UniqueIdentifier>
    </Filter>
    <Filter Include="HobbyPlugin\Localization">
      <UniqueIdentifier>{c08dcb5f-23b0-4a53-9791-a16ecd903073}</UniqueIdentifier>
    </Filter>
    <Filter Include="Game\Res">
      <UniqueIdentifier>{67DA6AB6-F800-4c08-8B7A-83BB121AAD01}</UniqueIdentifier>
      <Extensions>rc;ico;cur;bmp;dlg;rc2;rct;bin;rgs;gif;jpg;jpeg;jpe;resx;tiff;tif;png;wav;mfcribbon-ms</Extensions>
    </Filter>
    <Filter Include="Game\Res\Assets">
      <UniqueIdentifier>{3fc2d216-969e-4209-865a-9e2236ddf040}</UniqueIdentifier>
    </Filter>
    <Filter Include="Game\Res\Assets\Locate">
      <UniqueIdentifier>{057dad1e-e3ce-4866-8288-553dd6cbeb9e}</UniqueIdentifier>
    </Filter>
    <Filter Include="Game\Res\Assets\Locate\JP">
      <UniqueIdentifier>{c9cff9a8-ecaf-4e28-8252-83600eb3e217}</UniqueIdentifier>
    </Filter>
    <Filter Include="Game\Res\Assets\Img">
      <UniqueIdentifier>{0baf3aa7-9ef0-4e6a-a4d9-0327b0d39a91}</UniqueIdentifier>
    </Filter>
    <Filter Include="HobbyEngine\Tool">
      <UniqueIdentifier>{8f719613-a69c-495b-94da-340cfafc99b6}</UniqueIdentifier>
    </Filter>
    <Filter Include="HobbyEngine\Core\File">
      <UniqueIdentifier>{74a1dd15-81c7-4766-bfeb-a517c60ebd16}</UniqueIdentifier>
    </Filter>
    <Filter Include="HobbyPlugin\AssetManager">
      <UniqueIdentifier>{8fe0568d-11b2-4d9f-88bb-a2b7e9fbe79f}</UniqueIdentifier>
    </Filter>
    <Filter Include="HobbyPlugin\AssetManager\ThirdParty">
      <UniqueIdentifier>{eecd0ee5-62e7-49b7-b713-fa4f1670dd8d}</UniqueIdentifier>
    </Filter>
    <Filter Include="HobbyPlugin\AssetManager\ThirdParty\tomlplusplus">
      <UniqueIdentifier>{4aeb8054-f25f-4a0e-9d95-43a554d094e4}</UniqueIdentifier>
    </Filter>
    <Filter Include="Game\Inc\Sandbox">
      <UniqueIdentifier>{d86343ed-a3d4-4287-869b-50e4f0c1446f}</UniqueIdentifier>
    </Filter>
    <Filter Include="Game\Src\Sandbox">
      <UniqueIdentifier>{3531b95c-6022-48db-9ac8-f196ffb13ac4}</UniqueIdentifier>
    </Filter>
    <Filter Include="Game\Inc\Sandbox\Level">
      <UniqueIdentifier>{477cc8cc-fbfb-4a78-b63a-0be2649726f6}</UniqueIdentifier>
    </Filter>
    <Filter Include="Game\Src\Sandbox\Level">
      <UniqueIdentifier>{b29b798f-e3b9-4272-a9c0-3c675d23548c}</UniqueIdentifier>
    </Filter>
    <Filter Include="HobbyPlugin\AssetManager\ThirdParty\simidjson">
      <UniqueIdentifier>{851593d2-a16f-422c-b079-9faf2ff9a249}</UniqueIdentifier>
    </Filter>
  </ItemGroup>
  <ItemGroup>
    <ResourceCompile Include="SuperStar.rc">
      <Filter>Game\Res</Filter>
    </ResourceCompile>
  </ItemGroup>
  <ItemGroup>
    <Image Include="small.ico">
      <Filter>Game\Res</Filter>
    </Image>
    <Image Include="SuperStar.ico">
      <Filter>Game\Res</Filter>
    </Image>
  </ItemGroup>
  <ItemGroup>
    <ClCompile Include="..\..\..\..\Game\Program\Src\SuperStar.cpp">
      <Filter>Game\Src</Filter>
    </ClCompile>
    <ClCompile Include="..\..\..\..\HobbyEngine\Engine.cpp">
      <Filter>HobbyEngine</Filter>
    </ClCompile>
    <ClCompile Include="..\..\..\..\HobbyEngine\Core\Time\FPS.cpp">
      <Filter>HobbyEngine\Core\Time</Filter>
    </ClCompile>
    <ClCompile Include="..\..\..\..\HobbyEngine\Core\Memory\Memory.cpp">
      <Filter>HobbyEngine\Core\Memory</Filter>
    </ClCompile>
    <ClCompile Include="..\..\..\..\HobbyEngine\Core\Memory\MemoryManager.cpp">
      <Filter>HobbyEngine\Core\Memory</Filter>
    </ClCompile>
    <ClCompile Include="pch.cpp" />
    <ClCompile Include="..\..\..\..\HobbyEngine\Core\Math\Random.cpp">
      <Filter>HobbyEngine\Core\Math</Filter>
    </ClCompile>
    <ClCompile Include="..\..\..\..\HobbyEngine\Core\Task\Task.cpp">
      <Filter>HobbyEngine\Core\Task</Filter>
    </ClCompile>
    <ClCompile Include="..\..\..\..\HobbyEngine\Core\Task\TaskManager.cpp">
      <Filter>HobbyEngine\Core\Task</Filter>
    </ClCompile>
    <ClCompile Include="..\..\..\..\HobbyPlugin\UI\UIModule.cpp">
      <Filter>HobbyPlugin\UI</Filter>
    </ClCompile>
    <ClCompile Include="..\..\..\..\HobbyPlugin\UI\Widget.cpp">
      <Filter>HobbyPlugin\UI</Filter>
    </ClCompile>
    <ClCompile Include="..\..\..\..\HobbyPlugin\Render\RenderModule.cpp">
      <Filter>HobbyPlugin\Render</Filter>
    </ClCompile>
    <ClCompile Include="..\..\..\..\HobbyPlugin\DxLib\DXLibTime.cpp">
      <Filter>HobbyPlugin\DxLib</Filter>
    </ClCompile>
    <ClCompile Include="..\..\..\..\HobbyPlugin\DxLib\DXLibModule.cpp">
      <Filter>HobbyPlugin\DxLib</Filter>
    </ClCompile>
    <ClCompile Include="..\..\..\..\HobbyEngine\Module\Module.cpp">
      <Filter>HobbyEngine\Module</Filter>
    </ClCompile>
    <ClCompile Include="..\..\..\..\HobbyPlugin\Render\Command\Command.cpp">
      <Filter>HobbyPlugin\Render\Command</Filter>
    </ClCompile>
    <ClCompile Include="..\..\..\..\HobbyEngine\Core\Common\FixString.cpp">
      <Filter>HobbyEngine\Core\Common</Filter>
    </ClCompile>
    <ClCompile Include="..\..\..\..\HobbyEngine\Core\Math\Vector3.cpp">
      <Filter>HobbyEngine\Core\Math</Filter>
    </ClCompile>
    <ClCompile Include="..\..\..\..\HobbyPlugin\Actor\ActorModule.cpp">
      <Filter>HobbyPlugin\Actor</Filter>
    </ClCompile>
    <ClCompile Include="..\..\..\..\HobbyPlugin\Actor\Actor.cpp">
      <Filter>HobbyPlugin\Actor</Filter>
    </ClCompile>
    <ClCompile Include="..\..\..\..\HobbyPlugin\Actor\ActorManager.cpp">
      <Filter>HobbyPlugin\Actor</Filter>
    </ClCompile>
    <ClCompile Include="..\..\..\..\HobbyPlugin\Actor\Component\Component.cpp">
      <Filter>HobbyPlugin\Actor\Component</Filter>
    </ClCompile>
    <ClCompile Include="..\..\..\..\HobbyPlugin\Level\LevelManager.cpp">
      <Filter>HobbyPlugin\Level</Filter>
    </ClCompile>
    <ClCompile Include="..\..\..\..\HobbyPlugin\Level\LevelModule.cpp">
      <Filter>HobbyPlugin\Level</Filter>
    </ClCompile>
    <ClCompile Include="..\..\..\..\HobbyPlugin\UI\Component\Widget\UIText.cpp">
      <Filter>HobbyPlugin\UI\Component\Widget</Filter>
    </ClCompile>
    <ClCompile Include="..\..\..\..\HobbyPlugin\UI\Component\Widget\UIButton.cpp">
      <Filter>HobbyPlugin\UI\Component\Widget</Filter>
    </ClCompile>
    <ClCompile Include="..\..\..\..\HobbyPlugin\UI\Component\Widget\UILayer.cpp">
      <Filter>HobbyPlugin\UI\Component\Widget</Filter>
    </ClCompile>
    <ClCompile Include="..\..\..\..\HobbyPlugin\UI\Component\Input\UIInputRouter.cpp">
      <Filter>HobbyPlugin\UI\Component\Input</Filter>
    </ClCompile>
    <ClCompile Include="..\..\..\..\HobbyPlugin\DxLib\DXLibInput.cpp">
      <Filter>HobbyPlugin\DxLib</Filter>
    </ClCompile>
    <ClCompile Include="..\..\..\..\HobbyPlugin\UI\Component\Input\UIInputTerminalTouch.cpp">
      <Filter>HobbyPlugin\UI\Component\Input</Filter>
    </ClCompile>
    <ClCompile Include="..\..\..\..\HobbyPlugin\UI\Component\Widget\UIWidget.cpp">
      <Filter>HobbyPlugin\UI\Component\Widget</Filter>
    </ClCompile>
    <ClCompile Include="..\..\..\..\HobbyEngine\Platform\PlatformInput.cpp">
      <Filter>HobbyEngine\Platform</Filter>
    </ClCompile>
    <ClCompile Include="..\..\..\..\HobbyEngine\Core\Common\RTTI.cpp">
      <Filter>HobbyEngine\Core\Common</Filter>
    </ClCompile>
    <ClCompile Include="..\..\..\..\HobbyPlugin\UI\Component\Input\UIInputInterface.cpp">
      <Filter>HobbyPlugin\UI\Component\Input</Filter>
    </ClCompile>
    <ClCompile Include="..\..\..\..\Game\Program\Src\Level\Title\TitleLevel.cpp">
      <Filter>Game\Src\Level\Title</Filter>
    </ClCompile>
    <ClCompile Include="..\..\..\..\HobbyPlugin\Localization\LocalizationModule.cpp">
      <Filter>HobbyPlugin\Localization</Filter>
    </ClCompile>
    <ClCompile Include="..\..\..\..\HobbyEngine\Core\File\Path.cpp">
      <Filter>HobbyEngine\Core\File</Filter>
    </ClCompile>
    <ClCompile Include="..\..\..\..\HobbyPlugin\DxLib\DXLibFile.cpp">
      <Filter>HobbyPlugin\DxLib</Filter>
    </ClCompile>
    <ClCompile Include="..\..\..\..\HobbyPlugin\AssetManager\AssetManagerModule.cpp">
      <Filter>HobbyPlugin\AssetManager</Filter>
    </ClCompile>
    <ClCompile Include="..\..\..\..\HobbyPlugin\AssetManager\AssetDataBase.cpp">
      <Filter>HobbyPlugin\AssetManager</Filter>
    </ClCompile>
    <ClCompile Include="..\..\..\..\Game\Program\Src\Level\LevelLauncher.cpp">
      <Filter>Game\Src\Level</Filter>
    </ClCompile>
    <ClCompile Include="..\..\..\..\HobbyPlugin\AssetManager\ThirdParty\simidjson\simdjson.cpp">
      <Filter>HobbyPlugin\AssetManager\ThirdParty\simidjson</Filter>
    </ClCompile>
  </ItemGroup>
  <ItemGroup>
    <ClInclude Include="..\..\..\..\Game\Program\Inc\framework.h">
      <Filter>Game\Inc</Filter>
    </ClInclude>
    <ClInclude Include="..\..\..\..\Game\Program\Inc\Resource.h">
      <Filter>Game\Inc</Filter>
    </ClInclude>
    <ClInclude Include="..\..\..\..\Game\Program\Inc\SuperStar.h">
      <Filter>Game\Inc</Filter>
    </ClInclude>
    <ClInclude Include="..\..\..\..\Game\Program\Inc\targetver.h">
      <Filter>Game\Inc</Filter>
    </ClInclude>
    <ClInclude Include="..\..\..\..\HobbyEngine\Engine.h">
      <Filter>HobbyEngine</Filter>
    </ClInclude>
    <ClInclude Include="..\..\..\..\HobbyEngine\Core\Time\FPS.h">
      <Filter>HobbyEngine\Core\Time</Filter>
    </ClInclude>
    <ClInclude Include="..\..\..\..\HobbyEngine\Core\Config.h">
      <Filter>HobbyEngine\Core</Filter>
    </ClInclude>
    <ClInclude Include="..\..\..\..\HobbyEngine\Core\Macro.h">
      <Filter>HobbyEngine\Core</Filter>
    </ClInclude>
    <ClInclude Include="..\..\..\..\HobbyEngine\Core\Type.h">
      <Filter>HobbyEngine\Core</Filter>
    </ClInclude>
    <ClInclude Include="..\..\..\..\HobbyEngine\Core\Core.h">
      <Filter>HobbyEngine\Core</Filter>
    </ClInclude>
    <ClInclude Include="..\..\..\..\HobbyEngine\Core\Memory\Memory.h">
      <Filter>HobbyEngine\Core\Memory</Filter>
    </ClInclude>
    <ClInclude Include="..\..\..\..\HobbyEngine\Core\Memory\MemoryManager.h">
      <Filter>HobbyEngine\Core\Memory</Filter>
    </ClInclude>
    <ClInclude Include="..\..\..\..\HobbyEngine\Core\Common\Singleton.h">
      <Filter>HobbyEngine\Core\Common</Filter>
    </ClInclude>
    <ClInclude Include="pch.h" />
    <ClInclude Include="..\..\..\..\HobbyEngine\Core\Math\Random.h">
      <Filter>HobbyEngine\Core\Math</Filter>
    </ClInclude>
    <ClInclude Include="..\..\..\..\HobbyEngine\GameMain.h">
      <Filter>HobbyEngine</Filter>
    </ClInclude>
    <ClInclude Include="..\..\..\..\HobbyEngine\MiniEngine.h">
      <Filter>HobbyEngine</Filter>
    </ClInclude>
    <ClInclude Include="..\..\..\..\HobbyEngine\Core\Task\Task.h">
      <Filter>HobbyEngine\Core\Task</Filter>
    </ClInclude>
    <ClInclude Include="..\..\..\..\HobbyEngine\Core\Task\TaskManager.h">
      <Filter>HobbyEngine\Core\Task</Filter>
    </ClInclude>
    <ClInclude Include="..\..\..\..\HobbyEngine\Core\Common\Handle.h">
      <Filter>HobbyEngine\Core\Common</Filter>
    </ClInclude>
    <ClInclude Include="..\..\..\..\HobbyEngine\Core\Common\PoolManager.h">
      <Filter>HobbyEngine\Core\Common</Filter>
    </ClInclude>
    <ClInclude Include="..\..\..\..\HobbyEngine\Core\Common\FixArray.h">
      <Filter>HobbyEngine\Core\Common</Filter>
    </ClInclude>
    <ClInclude Include="..\..\..\..\HobbyEngine\Module\Module.h">
      <Filter>HobbyEngine\Module</Filter>
    </ClInclude>
    <ClInclude Include="..\..\..\..\HobbyPlugin\UI\UIModule.h">
      <Filter>HobbyPlugin\UI</Filter>
    </ClInclude>
    <ClInclude Include="..\..\..\..\HobbyPlugin\UI\Widget.h">
      <Filter>HobbyPlugin\UI</Filter>
    </ClInclude>
    <ClInclude Include="..\..\..\..\HobbyPlugin\Render\RenderModule.h">
      <Filter>HobbyPlugin\Render</Filter>
    </ClInclude>
    <ClInclude Include="..\..\..\..\HobbyEngine\Platform\PlatformModule.h">
      <Filter>HobbyEngine\Platform</Filter>
    </ClInclude>
    <ClInclude Include="..\..\..\..\HobbyPlugin\DxLib\DXLibTime.h">
      <Filter>HobbyPlugin\DxLib</Filter>
    </ClInclude>
    <ClInclude Include="..\..\..\..\HobbyPlugin\DxLib\DXLibModule.h">
      <Filter>HobbyPlugin\DxLib</Filter>
    </ClInclude>
    <ClInclude Include="..\..\..\..\HobbyPlugin\Render\Command\Command.h">
      <Filter>HobbyPlugin\Render\Command</Filter>
    </ClInclude>
    <ClInclude Include="..\..\..\..\HobbyPlugin\Render\CommandBuffer.h">
      <Filter>HobbyPlugin\Render</Filter>
    </ClInclude>
    <ClInclude Include="..\..\..\..\HobbyEngine\Core\Math\Vector2.h">
      <Filter>HobbyEngine\Core\Math</Filter>
    </ClInclude>
    <ClInclude Include="..\..\..\..\HobbyEngine\Core\Math\Rect2.h">
      <Filter>HobbyEngine\Core\Math</Filter>
    </ClInclude>
    <ClInclude Include="..\..\..\..\HobbyEngine\Core\Common\FixString.h">
      <Filter>HobbyEngine\Core\Common</Filter>
    </ClInclude>
    <ClInclude Include="..\..\..\..\HobbyEngine\Core\Math\Vector3.h">
      <Filter>HobbyEngine\Core\Math</Filter>
    </ClInclude>
    <ClInclude Include="..\..\..\..\HobbyPlugin\Render\RenderType.h">
      <Filter>HobbyPlugin\Render</Filter>
    </ClInclude>
    <ClInclude Include="..\..\..\..\HobbyPlugin\Actor\ActorModule.h">
      <Filter>HobbyPlugin\Actor</Filter>
    </ClInclude>
    <ClInclude Include="..\..\..\..\HobbyPlugin\Actor\Actor.h">
      <Filter>HobbyPlugin\Actor</Filter>
    </ClInclude>
    <ClInclude Include="..\..\..\..\HobbyPlugin\Actor\ActorManager.h">
      <Filter>HobbyPlugin\Actor</Filter>
    </ClInclude>
    <ClInclude Include="..\..\..\..\HobbyPlugin\Actor\Component\Component.h">
      <Filter>HobbyPlugin\Actor\Component</Filter>
    </ClInclude>
    <ClInclude Include="..\..\..\..\HobbyPlugin\Level\LevelManager.h">
      <Filter>HobbyPlugin\Level</Filter>
    </ClInclude>
    <ClInclude Include="..\..\..\..\HobbyPlugin\Level\LevelModule.h">
      <Filter>HobbyPlugin\Level</Filter>
    </ClInclude>
    <ClInclude Include="..\..\..\..\HobbyPlugin\UI\Component\Widget\UILayer.h">
      <Filter>HobbyPlugin\UI\Component\Widget</Filter>
    </ClInclude>
    <ClInclude Include="..\..\..\..\HobbyPlugin\UI\Component\Widget\UIText.h">
      <Filter>HobbyPlugin\UI\Component\Widget</Filter>
    </ClInclude>
    <ClInclude Include="..\..\..\..\HobbyPlugin\UI\Component\Widget\UIButton.h">
      <Filter>HobbyPlugin\UI\Component\Widget</Filter>
    </ClInclude>
    <ClInclude Include="..\..\..\..\HobbyPlugin\UI\Component\Input\UIInputRouter.h">
      <Filter>HobbyPlugin\UI\Component\Input</Filter>
    </ClInclude>
    <ClInclude Include="..\..\..\..\HobbyEngine\Platform\PlatformInput.h">
      <Filter>HobbyEngine\Platform</Filter>
    </ClInclude>
    <ClInclude Include="..\..\..\..\HobbyPlugin\DxLib\DXLibInput.h">
      <Filter>HobbyPlugin\DxLib</Filter>
    </ClInclude>
    <ClInclude Include="..\..\..\..\HobbyPlugin\UI\Component\Input\UIInputInterface.h">
      <Filter>HobbyPlugin\UI\Component\Input</Filter>
    </ClInclude>
    <ClInclude Include="..\..\..\..\HobbyPlugin\UI\Component\Input\UIInputTerminalTouch.h">
      <Filter>HobbyPlugin\UI\Component\Input</Filter>
    </ClInclude>
    <ClInclude Include="..\..\..\..\HobbyPlugin\UI\Component\Widget\UIWidget.h">
      <Filter>HobbyPlugin\UI\Component\Widget</Filter>
    </ClInclude>
    <ClInclude Include="..\..\..\..\HobbyPlugin\Actor\ActorInterface.h">
      <Filter>HobbyPlugin\Actor</Filter>
    </ClInclude>
    <ClInclude Include="..\..\..\..\HobbyEngine\Core\Math\Math.h">
      <Filter>HobbyEngine\Core\Math</Filter>
    </ClInclude>
    <ClInclude Include="..\..\..\..\HobbyEngine\Core\Common\RTTI.h">
      <Filter>HobbyEngine\Core\Common</Filter>
    </ClInclude>
    <ClInclude Include="..\..\..\..\HobbyEngine\Core\Generated.h">
      <Filter>HobbyEngine\Core</Filter>
    </ClInclude>
    <ClInclude Include="..\..\..\..\HobbyEngine\Core\Str.h">
      <Filter>HobbyEngine\Core</Filter>
    </ClInclude>
    <ClInclude Include="..\..\..\..\HobbyEngine\Core\Common\FixMap.h">
      <Filter>HobbyEngine\Core\Common</Filter>
    </ClInclude>
    <ClInclude Include="..\..\..\..\Game\Program\Inc\Level\Title\TitleLevel.h">
      <Filter>Game\Inc\Level\Title</Filter>
    </ClInclude>
    <ClInclude Include="..\..\..\..\HobbyPlugin\Localization\LocalizationModule.h">
      <Filter>HobbyPlugin\Localization</Filter>
    </ClInclude>
    <ClInclude Include="..\..\..\..\HobbyEngine\Core\File\Path.h">
      <Filter>HobbyEngine\Core\File</Filter>
    </ClInclude>
    <ClInclude Include="..\..\..\..\HobbyEngine\Platform\PlatformFile.h">
      <Filter>HobbyEngine\Platform</Filter>
    </ClInclude>
    <ClInclude Include="..\..\..\..\HobbyPlugin\DxLib\DXLibFile.h">
      <Filter>HobbyPlugin\DxLib</Filter>
    </ClInclude>
    <ClInclude Include="..\..\..\..\HobbyPlugin\AssetManager\AssetManagerModule.h">
      <Filter>HobbyPlugin\AssetManager</Filter>
    </ClInclude>
    <ClInclude Include="..\..\..\..\HobbyPlugin\AssetManager\AssetDataBase.h">
      <Filter>HobbyPlugin\AssetManager</Filter>
    </ClInclude>
    <ClInclude Include="..\..\..\..\HobbyPlugin\AssetManager\ThirdParty\tomlplusplus\toml.hpp">
      <Filter>HobbyPlugin\AssetManager\ThirdParty\tomlplusplus</Filter>
    </ClInclude>
    <ClInclude Include="..\..\..\..\Game\Program\Inc\Level\LevelLauncher.h">
      <Filter>Game\Inc\Level</Filter>
    </ClInclude>
    <ClInclude Include="..\..\..\..\HobbyPlugin\AssetManager\ThirdParty\simidjson\simdjson.h">
      <Filter>HobbyPlugin\AssetManager\ThirdParty\simidjson</Filter>
    </ClInclude>
  </ItemGroup>
  <ItemGroup>
    <None Include="..\..\..\..\.editorconfig" />
    <None Include="..\..\..\..\README.md" />
    <None Include="..\..\..\..\Game\README.md">
      <Filter>Game</Filter>
    </None>
    <None Include="..\..\..\..\HobbyEngine\README.md">
      <Filter>HobbyEngine</Filter>
    </None>
    <None Include="..\..\..\..\HobbyEngine\Tool\MoveDir.bat">
      <Filter>HobbyEngine\Tool</Filter>
    </None>
    <None Include="..\..\..\..\Game\Res\Assets\Locate\System.toml">
      <Filter>Game\Res\Assets\Locate</Filter>
    </None>
    <None Include="..\..\..\..\Game\Res\Assets\Locate\JP\Text.json">
      <Filter>Game\Res\Assets\Locate\JP</Filter>
    </None>
    <None Include="..\..\..\..\Game\Res\Assets\Locate\JP\Debug.json">
      <Filter>Game\Res\Assets\Locate\JP</Filter>
    </None>
    <None Include="..\..\..\..\MEMO.md" />
    <None Include="..\..\..\..\.clang-format" />
  </ItemGroup>
  <ItemGroup>
    <Text Include="..\..\..\..\LICENSE.txt" />
    <Text Include="..\..\..\..\HobbyEngine\ThirdPartyNotices.txt">
      <Filter>HobbyEngine</Filter>
    </Text>
    <Text Include="..\..\..\..\HobbyPlugin\DxLib\ThirdPartyNotices.txt">
      <Filter>HobbyPlugin\DxLib</Filter>
    </Text>
    <Text Include="..\..\..\..\HobbyPlugin\AssetManager\ThirdPartyNotices.txt">
      <Filter>HobbyPlugin\AssetManager</Filter>
    </Text>
  </ItemGroup>
</Project>